// !$*UTF8*$!
{
	archiveVersion = 1;
	classes = {
	};
	objectVersion = 46;
	objects = {

/* Begin PBXBuildFile section */
		20DB9FDC19A7C10D00AB3CCD /* Foundation.framework in Frameworks */ = {isa = PBXBuildFile; fileRef = 20DB9FDB19A7C10D00AB3CCD /* Foundation.framework */; };
		20DB9FDE19A7C10D00AB3CCD /* CoreGraphics.framework in Frameworks */ = {isa = PBXBuildFile; fileRef = 20DB9FDD19A7C10D00AB3CCD /* CoreGraphics.framework */; };
		20DB9FE019A7C10D00AB3CCD /* UIKit.framework in Frameworks */ = {isa = PBXBuildFile; fileRef = 20DB9FDF19A7C10D00AB3CCD /* UIKit.framework */; };
		20DB9FE619A7C10D00AB3CCD /* InfoPlist.strings in Resources */ = {isa = PBXBuildFile; fileRef = 20DB9FE419A7C10D00AB3CCD /* InfoPlist.strings */; };
		20DB9FE819A7C10D00AB3CCD /* main.m in Sources */ = {isa = PBXBuildFile; fileRef = 20DB9FE719A7C10D00AB3CCD /* main.m */; };
		20DB9FEC19A7C10D00AB3CCD /* AppDelegate.m in Sources */ = {isa = PBXBuildFile; fileRef = 20DB9FEB19A7C10D00AB3CCD /* AppDelegate.m */; };
		20DB9FEE19A7C10D00AB3CCD /* Images.xcassets in Resources */ = {isa = PBXBuildFile; fileRef = 20DB9FED19A7C10D00AB3CCD /* Images.xcassets */; };
		20DB9FF519A7C10D00AB3CCD /* XCTest.framework in Frameworks */ = {isa = PBXBuildFile; fileRef = 20DB9FF419A7C10D00AB3CCD /* XCTest.framework */; };
		20DB9FF619A7C10D00AB3CCD /* Foundation.framework in Frameworks */ = {isa = PBXBuildFile; fileRef = 20DB9FDB19A7C10D00AB3CCD /* Foundation.framework */; };
		20DB9FF719A7C10D00AB3CCD /* UIKit.framework in Frameworks */ = {isa = PBXBuildFile; fileRef = 20DB9FDF19A7C10D00AB3CCD /* UIKit.framework */; };
		20DB9FFF19A7C10D00AB3CCD /* InfoPlist.strings in Resources */ = {isa = PBXBuildFile; fileRef = 20DB9FFD19A7C10D00AB3CCD /* InfoPlist.strings */; };
		20DBA00119A7C10D00AB3CCD /* LaunchPageTests.m in Sources */ = {isa = PBXBuildFile; fileRef = 20DBA00019A7C10D00AB3CCD /* LaunchPageTests.m */; };
		20DBA00C19A7C16C00AB3CCD /* LaunchViewController.m in Sources */ = {isa = PBXBuildFile; fileRef = 20DBA00B19A7C16C00AB3CCD /* LaunchViewController.m */; };
		20DBA01019A7CD8000AB3CCD /* imgCollectionViewCell.m in Sources */ = {isa = PBXBuildFile; fileRef = 20DBA00F19A7CD8000AB3CCD /* imgCollectionViewCell.m */; };
		20DBA01319A7D28300AB3CCD /* friendsy1a.jpg in Resources */ = {isa = PBXBuildFile; fileRef = 20DBA01219A7D28300AB3CCD /* friendsy1a.jpg */; };
		20DBA01519A7D2A500AB3CCD /* friendsy2a.jpg in Resources */ = {isa = PBXBuildFile; fileRef = 20DBA01419A7D2A500AB3CCD /* friendsy2a.jpg */; };
		20DBA01719A7D2B300AB3CCD /* friendsy3a.jpg in Resources */ = {isa = PBXBuildFile; fileRef = 20DBA01619A7D2B300AB3CCD /* friendsy3a.jpg */; };
		20DBA01919A7D3A300AB3CCD /* terrace.jpg in Resources */ = {isa = PBXBuildFile; fileRef = 20DBA01819A7D3A300AB3CCD /* terrace.jpg */; };
		20DBA01B19A7DBF700AB3CCD /* launch-screen-0@2x.png in Resources */ = {isa = PBXBuildFile; fileRef = 20DBA01A19A7DBF700AB3CCD /* launch-screen-0@2x.png */; };
		20DBA01F19A7DC0300AB3CCD /* launch-screen-1@2x.png in Resources */ = {isa = PBXBuildFile; fileRef = 20DBA01C19A7DC0300AB3CCD /* launch-screen-1@2x.png */; };
		20DBA02019A7DC0300AB3CCD /* launch-screen-2@2x.png in Resources */ = {isa = PBXBuildFile; fileRef = 20DBA01D19A7DC0300AB3CCD /* launch-screen-2@2x.png */; };
		20DBA02119A7DC0300AB3CCD /* launch-screen-3@2x.png in Resources */ = {isa = PBXBuildFile; fileRef = 20DBA01E19A7DC0300AB3CCD /* launch-screen-3@2x.png */; };
		20DBA02919A87D6C00AB3CCD /* launch-screen-logo@2x.png in Resources */ = {isa = PBXBuildFile; fileRef = 20DBA02819A87D6C00AB3CCD /* launch-screen-logo@2x.png */; };
		20DBA03D19A9358700AB3CCD /* sign-up@2x.png in Resources */ = {isa = PBXBuildFile; fileRef = 20DBA03C19A9358700AB3CCD /* sign-up@2x.png */; };
		20DBA03F19A9364F00AB3CCD /* sign-in@2x.png in Resources */ = {isa = PBXBuildFile; fileRef = 20DBA03E19A9364F00AB3CCD /* sign-in@2x.png */; };
/* End PBXBuildFile section */

/* Begin PBXContainerItemProxy section */
		20DB9FF819A7C10D00AB3CCD /* PBXContainerItemProxy */ = {
			isa = PBXContainerItemProxy;
			containerPortal = 20DB9FD019A7C10D00AB3CCD /* Project object */;
			proxyType = 1;
			remoteGlobalIDString = 20DB9FD719A7C10D00AB3CCD;
			remoteInfo = LaunchPage;
		};
/* End PBXContainerItemProxy section */

/* Begin PBXFileReference section */
		20DB9FD819A7C10D00AB3CCD /* LaunchPage.app */ = {isa = PBXFileReference; explicitFileType = wrapper.application; includeInIndex = 0; path = LaunchPage.app; sourceTree = BUILT_PRODUCTS_DIR; };
		20DB9FDB19A7C10D00AB3CCD /* Foundation.framework */ = {isa = PBXFileReference; lastKnownFileType = wrapper.framework; name = Foundation.framework; path = System/Library/Frameworks/Foundation.framework; sourceTree = SDKROOT; };
		20DB9FDD19A7C10D00AB3CCD /* CoreGraphics.framework */ = {isa = PBXFileReference; lastKnownFileType = wrapper.framework; name = CoreGraphics.framework; path = System/Library/Frameworks/CoreGraphics.framework; sourceTree = SDKROOT; };
		20DB9FDF19A7C10D00AB3CCD /* UIKit.framework */ = {isa = PBXFileReference; lastKnownFileType = wrapper.framework; name = UIKit.framework; path = System/Library/Frameworks/UIKit.framework; sourceTree = SDKROOT; };
		20DB9FE319A7C10D00AB3CCD /* LaunchPage-Info.plist */ = {isa = PBXFileReference; lastKnownFileType = text.plist.xml; path = "LaunchPage-Info.plist"; sourceTree = "<group>"; };
		20DB9FE519A7C10D00AB3CCD /* en */ = {isa = PBXFileReference; lastKnownFileType = text.plist.strings; name = en; path = en.lproj/InfoPlist.strings; sourceTree = "<group>"; };
		20DB9FE719A7C10D00AB3CCD /* main.m */ = {isa = PBXFileReference; lastKnownFileType = sourcecode.c.objc; path = main.m; sourceTree = "<group>"; };
		20DB9FE919A7C10D00AB3CCD /* LaunchPage-Prefix.pch */ = {isa = PBXFileReference; lastKnownFileType = sourcecode.c.h; path = "LaunchPage-Prefix.pch"; sourceTree = "<group>"; };
		20DB9FEA19A7C10D00AB3CCD /* AppDelegate.h */ = {isa = PBXFileReference; lastKnownFileType = sourcecode.c.h; path = AppDelegate.h; sourceTree = "<group>"; };
		20DB9FEB19A7C10D00AB3CCD /* AppDelegate.m */ = {isa = PBXFileReference; lastKnownFileType = sourcecode.c.objc; path = AppDelegate.m; sourceTree = "<group>"; };
		20DB9FED19A7C10D00AB3CCD /* Images.xcassets */ = {isa = PBXFileReference; lastKnownFileType = folder.assetcatalog; path = Images.xcassets; sourceTree = "<group>"; };
		20DB9FF319A7C10D00AB3CCD /* LaunchPageTests.xctest */ = {isa = PBXFileReference; explicitFileType = wrapper.cfbundle; includeInIndex = 0; path = LaunchPageTests.xctest; sourceTree = BUILT_PRODUCTS_DIR; };
		20DB9FF419A7C10D00AB3CCD /* XCTest.framework */ = {isa = PBXFileReference; lastKnownFileType = wrapper.framework; name = XCTest.framework; path = Library/Frameworks/XCTest.framework; sourceTree = DEVELOPER_DIR; };
		20DB9FFC19A7C10D00AB3CCD /* LaunchPageTests-Info.plist */ = {isa = PBXFileReference; lastKnownFileType = text.plist.xml; path = "LaunchPageTests-Info.plist"; sourceTree = "<group>"; };
		20DB9FFE19A7C10D00AB3CCD /* en */ = {isa = PBXFileReference; lastKnownFileType = text.plist.strings; name = en; path = en.lproj/InfoPlist.strings; sourceTree = "<group>"; };
		20DBA00019A7C10D00AB3CCD /* LaunchPageTests.m */ = {isa = PBXFileReference; lastKnownFileType = sourcecode.c.objc; path = LaunchPageTests.m; sourceTree = "<group>"; };
		20DBA00A19A7C16C00AB3CCD /* LaunchViewController.h */ = {isa = PBXFileReference; fileEncoding = 4; lastKnownFileType = sourcecode.c.h; path = LaunchViewController.h; sourceTree = "<group>"; };
		20DBA00B19A7C16C00AB3CCD /* LaunchViewController.m */ = {isa = PBXFileReference; fileEncoding = 4; lastKnownFileType = sourcecode.c.objc; path = LaunchViewController.m; sourceTree = "<group>"; };
		20DBA00E19A7CD8000AB3CCD /* imgCollectionViewCell.h */ = {isa = PBXFileReference; fileEncoding = 4; lastKnownFileType = sourcecode.c.h; path = imgCollectionViewCell.h; sourceTree = "<group>"; };
		20DBA00F19A7CD8000AB3CCD /* imgCollectionViewCell.m */ = {isa = PBXFileReference; fileEncoding = 4; lastKnownFileType = sourcecode.c.objc; path = imgCollectionViewCell.m; sourceTree = "<group>"; };
		20DBA01219A7D28300AB3CCD /* friendsy1a.jpg */ = {isa = PBXFileReference; lastKnownFileType = image.jpeg; path = friendsy1a.jpg; sourceTree = "<group>"; };
		20DBA01419A7D2A500AB3CCD /* friendsy2a.jpg */ = {isa = PBXFileReference; lastKnownFileType = image.jpeg; path = friendsy2a.jpg; sourceTree = "<group>"; };
		20DBA01619A7D2B300AB3CCD /* friendsy3a.jpg */ = {isa = PBXFileReference; lastKnownFileType = image.jpeg; path = friendsy3a.jpg; sourceTree = "<group>"; };
		20DBA01819A7D3A300AB3CCD /* terrace.jpg */ = {isa = PBXFileReference; lastKnownFileType = image.jpeg; path = terrace.jpg; sourceTree = "<group>"; };
		20DBA01A19A7DBF700AB3CCD /* launch-screen-0@2x.png */ = {isa = PBXFileReference; lastKnownFileType = image.png; path = "launch-screen-0@2x.png"; sourceTree = "<group>"; };
		20DBA01C19A7DC0300AB3CCD /* launch-screen-1@2x.png */ = {isa = PBXFileReference; lastKnownFileType = image.png; path = "launch-screen-1@2x.png"; sourceTree = "<group>"; };
		20DBA01D19A7DC0300AB3CCD /* launch-screen-2@2x.png */ = {isa = PBXFileReference; lastKnownFileType = image.png; path = "launch-screen-2@2x.png"; sourceTree = "<group>"; };
		20DBA01E19A7DC0300AB3CCD /* launch-screen-3@2x.png */ = {isa = PBXFileReference; lastKnownFileType = image.png; path = "launch-screen-3@2x.png"; sourceTree = "<group>"; };
		20DBA02819A87D6C00AB3CCD /* launch-screen-logo@2x.png */ = {isa = PBXFileReference; lastKnownFileType = image.png; path = "launch-screen-logo@2x.png"; sourceTree = "<group>"; };
		20DBA03C19A9358700AB3CCD /* sign-up@2x.png */ = {isa = PBXFileReference; lastKnownFileType = image.png; path = "sign-up@2x.png"; sourceTree = "<group>"; };
		20DBA03E19A9364F00AB3CCD /* sign-in@2x.png */ = {isa = PBXFileReference; lastKnownFileType = image.png; path = "sign-in@2x.png"; sourceTree = "<group>"; };
/* End PBXFileReference section */

/* Begin PBXFrameworksBuildPhase section */
		20DB9FD519A7C10D00AB3CCD /* Frameworks */ = {
			isa = PBXFrameworksBuildPhase;
			buildActionMask = 2147483647;
			files = (
				20DB9FDE19A7C10D00AB3CCD /* CoreGraphics.framework in Frameworks */,
				20DB9FE019A7C10D00AB3CCD /* UIKit.framework in Frameworks */,
				20DB9FDC19A7C10D00AB3CCD /* Foundation.framework in Frameworks */,
			);
			runOnlyForDeploymentPostprocessing = 0;
		};
		20DB9FF019A7C10D00AB3CCD /* Frameworks */ = {
			isa = PBXFrameworksBuildPhase;
			buildActionMask = 2147483647;
			files = (
				20DB9FF519A7C10D00AB3CCD /* XCTest.framework in Frameworks */,
				20DB9FF719A7C10D00AB3CCD /* UIKit.framework in Frameworks */,
				20DB9FF619A7C10D00AB3CCD /* Foundation.framework in Frameworks */,
			);
			runOnlyForDeploymentPostprocessing = 0;
		};
/* End PBXFrameworksBuildPhase section */

/* Begin PBXGroup section */
		20DB9FCF19A7C10D00AB3CCD = {
			isa = PBXGroup;
			children = (
				20DB9FE119A7C10D00AB3CCD /* LaunchPage */,
				20DB9FFA19A7C10D00AB3CCD /* LaunchPageTests */,
				20DB9FDA19A7C10D00AB3CCD /* Frameworks */,
				20DB9FD919A7C10D00AB3CCD /* Products */,
			);
			sourceTree = "<group>";
		};
		20DB9FD919A7C10D00AB3CCD /* Products */ = {
			isa = PBXGroup;
			children = (
				20DB9FD819A7C10D00AB3CCD /* LaunchPage.app */,
				20DB9FF319A7C10D00AB3CCD /* LaunchPageTests.xctest */,
			);
			name = Products;
			sourceTree = "<group>";
		};
		20DB9FDA19A7C10D00AB3CCD /* Frameworks */ = {
			isa = PBXGroup;
			children = (
				20DB9FDB19A7C10D00AB3CCD /* Foundation.framework */,
				20DB9FDD19A7C10D00AB3CCD /* CoreGraphics.framework */,
				20DB9FDF19A7C10D00AB3CCD /* UIKit.framework */,
				20DB9FF419A7C10D00AB3CCD /* XCTest.framework */,
			);
			name = Frameworks;
			sourceTree = "<group>";
		};
		20DB9FE119A7C10D00AB3CCD /* LaunchPage */ = {
			isa = PBXGroup;
			children = (
				20DBA01119A7D15A00AB3CCD /* imgs */,
				20DBA00D19A7C17200AB3CCD /* VC */,
				20DB9FEA19A7C10D00AB3CCD /* AppDelegate.h */,
				20DB9FEB19A7C10D00AB3CCD /* AppDelegate.m */,
				20DB9FED19A7C10D00AB3CCD /* Images.xcassets */,
				20DB9FE219A7C10D00AB3CCD /* Supporting Files */,
			);
			path = LaunchPage;
			sourceTree = "<group>";
		};
		20DB9FE219A7C10D00AB3CCD /* Supporting Files */ = {
			isa = PBXGroup;
			children = (
				20DB9FE319A7C10D00AB3CCD /* LaunchPage-Info.plist */,
				20DB9FE419A7C10D00AB3CCD /* InfoPlist.strings */,
				20DB9FE719A7C10D00AB3CCD /* main.m */,
				20DB9FE919A7C10D00AB3CCD /* LaunchPage-Prefix.pch */,
			);
			name = "Supporting Files";
			sourceTree = "<group>";
		};
		20DB9FFA19A7C10D00AB3CCD /* LaunchPageTests */ = {
			isa = PBXGroup;
			children = (
				20DBA00019A7C10D00AB3CCD /* LaunchPageTests.m */,
				20DB9FFB19A7C10D00AB3CCD /* Supporting Files */,
			);
			path = LaunchPageTests;
			sourceTree = "<group>";
		};
		20DB9FFB19A7C10D00AB3CCD /* Supporting Files */ = {
			isa = PBXGroup;
			children = (
				20DB9FFC19A7C10D00AB3CCD /* LaunchPageTests-Info.plist */,
				20DB9FFD19A7C10D00AB3CCD /* InfoPlist.strings */,
			);
			name = "Supporting Files";
			sourceTree = "<group>";
		};
		20DBA00D19A7C17200AB3CCD /* VC */ = {
			isa = PBXGroup;
			children = (
				20DBA00A19A7C16C00AB3CCD /* LaunchViewController.h */,
				20DBA00B19A7C16C00AB3CCD /* LaunchViewController.m */,
				20DBA00E19A7CD8000AB3CCD /* imgCollectionViewCell.h */,
				20DBA00F19A7CD8000AB3CCD /* imgCollectionViewCell.m */,
			);
			name = VC;
			sourceTree = "<group>";
		};
		20DBA01119A7D15A00AB3CCD /* imgs */ = {
			isa = PBXGroup;
			children = (
				20DBA03C19A9358700AB3CCD /* sign-up@2x.png */,
				20DBA03E19A9364F00AB3CCD /* sign-in@2x.png */,
				20DBA02819A87D6C00AB3CCD /* launch-screen-logo@2x.png */,
				20DBA01A19A7DBF700AB3CCD /* launch-screen-0@2x.png */,
				20DBA01C19A7DC0300AB3CCD /* launch-screen-1@2x.png */,
				20DBA01D19A7DC0300AB3CCD /* launch-screen-2@2x.png */,
				20DBA01E19A7DC0300AB3CCD /* launch-screen-3@2x.png */,
				20DBA01819A7D3A300AB3CCD /* terrace.jpg */,
				20DBA01219A7D28300AB3CCD /* friendsy1a.jpg */,
				20DBA01419A7D2A500AB3CCD /* friendsy2a.jpg */,
				20DBA01619A7D2B300AB3CCD /* friendsy3a.jpg */,
			);
			name = imgs;
			sourceTree = "<group>";
		};
/* End PBXGroup section */

/* Begin PBXNativeTarget section */
		20DB9FD719A7C10D00AB3CCD /* LaunchPage */ = {
			isa = PBXNativeTarget;
			buildConfigurationList = 20DBA00419A7C10D00AB3CCD /* Build configuration list for PBXNativeTarget "LaunchPage" */;
			buildPhases = (
				20DB9FD419A7C10D00AB3CCD /* Sources */,
				20DB9FD519A7C10D00AB3CCD /* Frameworks */,
				20DB9FD619A7C10D00AB3CCD /* Resources */,
			);
			buildRules = (
			);
			dependencies = (
			);
			name = LaunchPage;
			productName = LaunchPage;
			productReference = 20DB9FD819A7C10D00AB3CCD /* LaunchPage.app */;
			productType = "com.apple.product-type.application";
		};
		20DB9FF219A7C10D00AB3CCD /* LaunchPageTests */ = {
			isa = PBXNativeTarget;
			buildConfigurationList = 20DBA00719A7C10D00AB3CCD /* Build configuration list for PBXNativeTarget "LaunchPageTests" */;
			buildPhases = (
				20DB9FEF19A7C10D00AB3CCD /* Sources */,
				20DB9FF019A7C10D00AB3CCD /* Frameworks */,
				20DB9FF119A7C10D00AB3CCD /* Resources */,
			);
			buildRules = (
			);
			dependencies = (
				20DB9FF919A7C10D00AB3CCD /* PBXTargetDependency */,
			);
			name = LaunchPageTests;
			productName = LaunchPageTests;
			productReference = 20DB9FF319A7C10D00AB3CCD /* LaunchPageTests.xctest */;
			productType = "com.apple.product-type.bundle.unit-test";
		};
/* End PBXNativeTarget section */

/* Begin PBXProject section */
		20DB9FD019A7C10D00AB3CCD /* Project object */ = {
			isa = PBXProject;
			attributes = {
				LastUpgradeCheck = 0510;
				ORGANIZATIONNAME = DeepLinks;
				TargetAttributes = {
					20DB9FF219A7C10D00AB3CCD = {
						TestTargetID = 20DB9FD719A7C10D00AB3CCD;
					};
				};
			};
			buildConfigurationList = 20DB9FD319A7C10D00AB3CCD /* Build configuration list for PBXProject "LaunchPage" */;
			compatibilityVersion = "Xcode 3.2";
			developmentRegion = English;
			hasScannedForEncodings = 0;
			knownRegions = (
				en,
			);
			mainGroup = 20DB9FCF19A7C10D00AB3CCD;
			productRefGroup = 20DB9FD919A7C10D00AB3CCD /* Products */;
			projectDirPath = "";
			projectRoot = "";
			targets = (
				20DB9FD719A7C10D00AB3CCD /* LaunchPage */,
				20DB9FF219A7C10D00AB3CCD /* LaunchPageTests */,
			);
		};
/* End PBXProject section */

/* Begin PBXResourcesBuildPhase section */
		20DB9FD619A7C10D00AB3CCD /* Resources */ = {
			isa = PBXResourcesBuildPhase;
			buildActionMask = 2147483647;
			files = (
				20DBA01B19A7DBF700AB3CCD /* launch-screen-0@2x.png in Resources */,
				20DBA01F19A7DC0300AB3CCD /* launch-screen-1@2x.png in Resources */,
				20DBA01519A7D2A500AB3CCD /* friendsy2a.jpg in Resources */,
				20DBA02119A7DC0300AB3CCD /* launch-screen-3@2x.png in Resources */,
				20DBA03D19A9358700AB3CCD /* sign-up@2x.png in Resources */,
				20DBA01719A7D2B300AB3CCD /* friendsy3a.jpg in Resources */,
				20DBA03F19A9364F00AB3CCD /* sign-in@2x.png in Resources */,
				20DBA02019A7DC0300AB3CCD /* launch-screen-2@2x.png in Resources */,
				20DBA01919A7D3A300AB3CCD /* terrace.jpg in Resources */,
				20DBA01319A7D28300AB3CCD /* friendsy1a.jpg in Resources */,
				20DB9FE619A7C10D00AB3CCD /* InfoPlist.strings in Resources */,
				20DB9FEE19A7C10D00AB3CCD /* Images.xcassets in Resources */,
				20DBA02919A87D6C00AB3CCD /* launch-screen-logo@2x.png in Resources */,
			);
			runOnlyForDeploymentPostprocessing = 0;
		};
		20DB9FF119A7C10D00AB3CCD /* Resources */ = {
			isa = PBXResourcesBuildPhase;
			buildActionMask = 2147483647;
			files = (
				20DB9FFF19A7C10D00AB3CCD /* InfoPlist.strings in Resources */,
			);
			runOnlyForDeploymentPostprocessing = 0;
		};
/* End PBXResourcesBuildPhase section */

/* Begin PBXSourcesBuildPhase section */
		20DB9FD419A7C10D00AB3CCD /* Sources */ = {
			isa = PBXSourcesBuildPhase;
			buildActionMask = 2147483647;
			files = (
				20DB9FEC19A7C10D00AB3CCD /* AppDelegate.m in Sources */,
				20DB9FE819A7C10D00AB3CCD /* main.m in Sources */,
				20DBA01019A7CD8000AB3CCD /* imgCollectionViewCell.m in Sources */,
				20DBA00C19A7C16C00AB3CCD /* LaunchViewController.m in Sources */,
			);
			runOnlyForDeploymentPostprocessing = 0;
		};
		20DB9FEF19A7C10D00AB3CCD /* Sources */ = {
			isa = PBXSourcesBuildPhase;
			buildActionMask = 2147483647;
			files = (
				20DBA00119A7C10D00AB3CCD /* LaunchPageTests.m in Sources */,
			);
			runOnlyForDeploymentPostprocessing = 0;
		};
/* End PBXSourcesBuildPhase section */

/* Begin PBXTargetDependency section */
		20DB9FF919A7C10D00AB3CCD /* PBXTargetDependency */ = {
			isa = PBXTargetDependency;
			target = 20DB9FD719A7C10D00AB3CCD /* LaunchPage */;
			targetProxy = 20DB9FF819A7C10D00AB3CCD /* PBXContainerItemProxy */;
		};
/* End PBXTargetDependency section */

/* Begin PBXVariantGroup section */
		20DB9FE419A7C10D00AB3CCD /* InfoPlist.strings */ = {
			isa = PBXVariantGroup;
			children = (
				20DB9FE519A7C10D00AB3CCD /* en */,
			);
			name = InfoPlist.strings;
			sourceTree = "<group>";
		};
		20DB9FFD19A7C10D00AB3CCD /* InfoPlist.strings */ = {
			isa = PBXVariantGroup;
			children = (
				20DB9FFE19A7C10D00AB3CCD /* en */,
			);
			name = InfoPlist.strings;
			sourceTree = "<group>";
		};
/* End PBXVariantGroup section */

/* Begin XCBuildConfiguration section */
		20DBA00219A7C10D00AB3CCD /* Debug */ = {
			isa = XCBuildConfiguration;
			buildSettings = {
				ALWAYS_SEARCH_USER_PATHS = NO;
				CLANG_CXX_LANGUAGE_STANDARD = "gnu++0x";
				CLANG_CXX_LIBRARY = "libc++";
				CLANG_ENABLE_MODULES = YES;
				CLANG_ENABLE_OBJC_ARC = YES;
				CLANG_WARN_BOOL_CONVERSION = YES;
				CLANG_WARN_CONSTANT_CONVERSION = YES;
				CLANG_WARN_DIRECT_OBJC_ISA_USAGE = YES_ERROR;
				CLANG_WARN_EMPTY_BODY = YES;
				CLANG_WARN_ENUM_CONVERSION = YES;
				CLANG_WARN_INT_CONVERSION = YES;
				CLANG_WARN_OBJC_ROOT_CLASS = YES_ERROR;
				CLANG_WARN__DUPLICATE_METHOD_MATCH = YES;
				"CODE_SIGN_IDENTITY[sdk=iphoneos*]" = "iPhone Developer";
				COPY_PHASE_STRIP = NO;
				GCC_C_LANGUAGE_STANDARD = gnu99;
				GCC_DYNAMIC_NO_PIC = NO;
				GCC_OPTIMIZATION_LEVEL = 0;
				GCC_PREPROCESSOR_DEFINITIONS = (
					"DEBUG=1",
					"$(inherited)",
				);
				GCC_SYMBOLS_PRIVATE_EXTERN = NO;
				GCC_WARN_64_TO_32_BIT_CONVERSION = YES;
				GCC_WARN_ABOUT_RETURN_TYPE = YES_ERROR;
				GCC_WARN_UNDECLARED_SELECTOR = YES;
				GCC_WARN_UNINITIALIZED_AUTOS = YES_AGGRESSIVE;
				GCC_WARN_UNUSED_FUNCTION = YES;
				GCC_WARN_UNUSED_VARIABLE = YES;
				IPHONEOS_DEPLOYMENT_TARGET = 7.1;
				ONLY_ACTIVE_ARCH = YES;
				SDKROOT = iphoneos;
			};
			name = Debug;
		};
		20DBA00319A7C10D00AB3CCD /* Release */ = {
			isa = XCBuildConfiguration;
			buildSettings = {
				ALWAYS_SEARCH_USER_PATHS = NO;
				CLANG_CXX_LANGUAGE_STANDARD = "gnu++0x";
				CLANG_CXX_LIBRARY = "libc++";
				CLANG_ENABLE_MODULES = YES;
				CLANG_ENABLE_OBJC_ARC = YES;
				CLANG_WARN_BOOL_CONVERSION = YES;
				CLANG_WARN_CONSTANT_CONVERSION = YES;
				CLANG_WARN_DIRECT_OBJC_ISA_USAGE = YES_ERROR;
				CLANG_WARN_EMPTY_BODY = YES;
				CLANG_WARN_ENUM_CONVERSION = YES;
				CLANG_WARN_INT_CONVERSION = YES;
				CLANG_WARN_OBJC_ROOT_CLASS = YES_ERROR;
				CLANG_WARN__DUPLICATE_METHOD_MATCH = YES;
				"CODE_SIGN_IDENTITY[sdk=iphoneos*]" = "iPhone Developer";
				COPY_PHASE_STRIP = YES;
				ENABLE_NS_ASSERTIONS = NO;
				GCC_C_LANGUAGE_STANDARD = gnu99;
				GCC_WARN_64_TO_32_BIT_CONVERSION = YES;
				GCC_WARN_ABOUT_RETURN_TYPE = YES_ERROR;
				GCC_WARN_UNDECLARED_SELECTOR = YES;
				GCC_WARN_UNINITIALIZED_AUTOS = YES_AGGRESSIVE;
				GCC_WARN_UNUSED_FUNCTION = YES;
				GCC_WARN_UNUSED_VARIABLE = YES;
				IPHONEOS_DEPLOYMENT_TARGET = 7.1;
				SDKROOT = iphoneos;
				VALIDATE_PRODUCT = YES;
			};
			name = Release;
		};
		20DBA00519A7C10D00AB3CCD /* Debug */ = {
			isa = XCBuildConfiguration;
			buildSettings = {
				ASSETCATALOG_COMPILER_APPICON_NAME = AppIcon;
				ASSETCATALOG_COMPILER_LAUNCHIMAGE_NAME = LaunchImage;
				GCC_PRECOMPILE_PREFIX_HEADER = YES;
				GCC_PREFIX_HEADER = "LaunchPage/LaunchPage-Prefix.pch";
				INFOPLIST_FILE = "LaunchPage/LaunchPage-Info.plist";
				PRODUCT_NAME = "$(TARGET_NAME)";
				WRAPPER_EXTENSION = app;
			};
			name = Debug;
		};
		20DBA00619A7C10D00AB3CCD /* Release */ = {
			isa = XCBuildConfiguration;
			buildSettings = {
				ASSETCATALOG_COMPILER_APPICON_NAME = AppIcon;
				ASSETCATALOG_COMPILER_LAUNCHIMAGE_NAME = LaunchImage;
				GCC_PRECOMPILE_PREFIX_HEADER = YES;
				GCC_PREFIX_HEADER = "LaunchPage/LaunchPage-Prefix.pch";
				INFOPLIST_FILE = "LaunchPage/LaunchPage-Info.plist";
				PRODUCT_NAME = "$(TARGET_NAME)";
				WRAPPER_EXTENSION = app;
			};
			name = Release;
		};
		20DBA00819A7C10D00AB3CCD /* Debug */ = {
			isa = XCBuildConfiguration;
			buildSettings = {
				BUNDLE_LOADER = "$(BUILT_PRODUCTS_DIR)/LaunchPage.app/LaunchPage";
				FRAMEWORK_SEARCH_PATHS = (
					"$(SDKROOT)/Developer/Library/Frameworks",
					"$(inherited)",
					"$(DEVELOPER_FRAMEWORKS_DIR)",
				);
				GCC_PRECOMPILE_PREFIX_HEADER = YES;
				GCC_PREFIX_HEADER = "LaunchPage/LaunchPage-Prefix.pch";
				GCC_PREPROCESSOR_DEFINITIONS = (
					"DEBUG=1",
					"$(inherited)",
				);
				INFOPLIST_FILE = "LaunchPageTests/LaunchPageTests-Info.plist";
				PRODUCT_NAME = "$(TARGET_NAME)";
				TEST_HOST = "$(BUNDLE_LOADER)";
				WRAPPER_EXTENSION = xctest;
			};
			name = Debug;
		};
		20DBA00919A7C10D00AB3CCD /* Release */ = {
			isa = XCBuildConfiguration;
			buildSettings = {
				BUNDLE_LOADER = "$(BUILT_PRODUCTS_DIR)/LaunchPage.app/LaunchPage";
				FRAMEWORK_SEARCH_PATHS = (
					"$(SDKROOT)/Developer/Library/Frameworks",
					"$(inherited)",
					"$(DEVELOPER_FRAMEWORKS_DIR)",
				);
				GCC_PRECOMPILE_PREFIX_HEADER = YES;
				GCC_PREFIX_HEADER = "LaunchPage/LaunchPage-Prefix.pch";
				INFOPLIST_FILE = "LaunchPageTests/LaunchPageTests-Info.plist";
				PRODUCT_NAME = "$(TARGET_NAME)";
				TEST_HOST = "$(BUNDLE_LOADER)";
				WRAPPER_EXTENSION = xctest;
			};
			name = Release;
		};
/* End XCBuildConfiguration section */

/* Begin XCConfigurationList section */
		20DB9FD319A7C10D00AB3CCD /* Build configuration list for PBXProject "LaunchPage" */ = {
			isa = XCConfigurationList;
			buildConfigurations = (
				20DBA00219A7C10D00AB3CCD /* Debug */,
				20DBA00319A7C10D00AB3CCD /* Release */,
			);
			defaultConfigurationIsVisible = 0;
			defaultConfigurationName = Release;
		};
		20DBA00419A7C10D00AB3CCD /* Build configuration list for PBXNativeTarget "LaunchPage" */ = {
			isa = XCConfigurationList;
			buildConfigurations = (
				20DBA00519A7C10D00AB3CCD /* Debug */,
				20DBA00619A7C10D00AB3CCD /* Release */,
			);
			defaultConfigurationIsVisible = 0;
			defaultConfigurationName = Release;
		};
		20DBA00719A7C10D00AB3CCD /* Build configuration list for PBXNativeTarget "LaunchPageTests" */ = {
			isa = XCConfigurationList;
			buildConfigurations = (
				20DBA00819A7C10D00AB3CCD /* Debug */,
				20DBA00919A7C10D00AB3CCD /* Release */,
			);
			defaultConfigurationIsVisible = 0;
			defaultConfigurationName = Release;
		};
/* End XCConfigurationList section */
	};
	rootObject = 20DB9FD019A7C10D00AB3CCD /* Project object */;
}
